
Microsoft Visual Studio Solution File, Format Version 12.00
# Visual Studio Version 16
VisualStudioVersion = 16.0.29020.237
MinimumVisualStudioVersion = 10.0.40219.1
Project("{8BC9CEB8-8B4A-11D0-8D11-00A0C91BC942}") = "Web-Proxy", "Web-Proxy\Web-Proxy.vcxproj", "{736693C5-CF10-41A7-8704-D7F66DE4F3E8}"
EndProject
Global
	GlobalSection(SolutionConfigurationPlatforms) = preSolution
		Debug|x64 = Debug|x64
		Debug|x86 = Debug|x86
		Release|x64 = Release|x64
		Release|x86 = Release|x86
	EndGlobalSection
	GlobalSection(ProjectConfigurationPlatforms) = postSolution
		{736693C5-CF10-41A7-8704-D7F66DE4F3E8}.Debug|x64.ActiveCfg = Debug|x64
		{736693C5-CF10-41A7-8704-D7F66DE4F3E8}.Debug|x64.Build.0 = Debug|x64
		{736693C5-CF10-41A7-8704-D7F66DE4F3E8}.Debug|x86.ActiveCfg = Debug|Win32
		{736693C5-CF10-41A7-8704-D7F66DE4F3E8}.Debug|x86.Build.0 = Debug|Win32
		{736693C5-CF10-41A7-8704-D7F66DE4F3E8}.Release|x64.ActiveCfg = Release|x64
		{736693C5-CF10-41A7-8704-D7F66DE4F3E8}.Release|x64.Build.0 = Release|x64
		{736693C5-CF10-41A7-8704-D7F66DE4F3E8}.Release|x86.ActiveCfg = Release|Win32
		{736693C5-CF10-41A7-8704-D7F66DE4F3E8}.Release|x86.Build.0 = Release|Win32
	EndGlobalSection
	GlobalSection(SolutionProperties) = preSolution
		HideSolutionNode = FALSE
	EndGlobalSection
	GlobalSection(ExtensibilityGlobals) = postSolution
		SolutionGuid = {513BBBB7-3590-4EE8-B58E-B6641CE724C3}
	EndGlobalSection
EndGlobal
